
Microsoft Visual Studio Solution File, Format Version 12.00
# Visual Studio Version 16
VisualStudioVersion = 16.0.30907.101
MinimumVisualStudioVersion = 10.0.40219.1
Project("{FAE04EC0-301F-11D3-BF4B-00C04F79EFBC}") = "Domain", "Domain\Domain.csproj", "{A462A9D0-29D2-4E31-AE70-50B6D5C591D4}"
EndProject
Project("{FAE04EC0-301F-11D3-BF4B-00C04F79EFBC}") = "BLL", "BLL\BLL.csproj", "{05044627-F044-46B0-9498-7698BAB7DCDD}"
EndProject
Project("{FAE04EC0-301F-11D3-BF4B-00C04F79EFBC}") = "DataAccess", "DataAccess\DataAccess.csproj", "{5035D19C-7A52-4B8B-A996-22ECD28D7BB8}"
	ProjectSection(ProjectDependencies) = postProject
		{A462A9D0-29D2-4E31-AE70-50B6D5C591D4} = {A462A9D0-29D2-4E31-AE70-50B6D5C591D4}
	EndProjectSection
EndProject
Project("{FAE04EC0-301F-11D3-BF4B-00C04F79EFBC}") = "BLLTest", "BLLTest\BLLTest.csproj", "{CA4187CC-F044-4CC4-A41B-B26781BBD243}"
	ProjectSection(ProjectDependencies) = postProject
		{05044627-F044-46B0-9498-7698BAB7DCDD} = {05044627-F044-46B0-9498-7698BAB7DCDD}
	EndProjectSection
EndProject
Global
	GlobalSection(SolutionConfigurationPlatforms) = preSolution
		Debug|Any CPU = Debug|Any CPU
		Release|Any CPU = Release|Any CPU
	EndGlobalSection
	GlobalSection(ProjectConfigurationPlatforms) = postSolution
		{A462A9D0-29D2-4E31-AE70-50B6D5C591D4}.Debug|Any CPU.ActiveCfg = Debug|Any CPU
		{A462A9D0-29D2-4E31-AE70-50B6D5C591D4}.Debug|Any CPU.Build.0 = Debug|Any CPU
		{A462A9D0-29D2-4E31-AE70-50B6D5C591D4}.Release|Any CPU.ActiveCfg = Release|Any CPU
		{A462A9D0-29D2-4E31-AE70-50B6D5C591D4}.Release|Any CPU.Build.0 = Release|Any CPU
		{05044627-F044-46B0-9498-7698BAB7DCDD}.Debug|Any CPU.ActiveCfg = Debug|Any CPU
		{05044627-F044-46B0-9498-7698BAB7DCDD}.Debug|Any CPU.Build.0 = Debug|Any CPU
		{05044627-F044-46B0-9498-7698BAB7DCDD}.Release|Any CPU.ActiveCfg = Release|Any CPU
		{05044627-F044-46B0-9498-7698BAB7DCDD}.Release|Any CPU.Build.0 = Release|Any CPU
		{5035D19C-7A52-4B8B-A996-22ECD28D7BB8}.Debug|Any CPU.ActiveCfg = Debug|Any CPU
		{5035D19C-7A52-4B8B-A996-22ECD28D7BB8}.Debug|Any CPU.Build.0 = Debug|Any CPU
		{5035D19C-7A52-4B8B-A996-22ECD28D7BB8}.Release|Any CPU.ActiveCfg = Release|Any CPU
		{5035D19C-7A52-4B8B-A996-22ECD28D7BB8}.Release|Any CPU.Build.0 = Release|Any CPU
		{CA4187CC-F044-4CC4-A41B-B26781BBD243}.Debug|Any CPU.ActiveCfg = Debug|Any CPU
		{CA4187CC-F044-4CC4-A41B-B26781BBD243}.Debug|Any CPU.Build.0 = Debug|Any CPU
		{CA4187CC-F044-4CC4-A41B-B26781BBD243}.Release|Any CPU.ActiveCfg = Release|Any CPU
		{CA4187CC-F044-4CC4-A41B-B26781BBD243}.Release|Any CPU.Build.0 = Release|Any CPU
	EndGlobalSection
	GlobalSection(SolutionProperties) = preSolution
		HideSolutionNode = FALSE
	EndGlobalSection
	GlobalSection(ExtensibilityGlobals) = postSolution
		SolutionGuid = {CF1BAF90-AC9A-48E4-BB87-D90D916896CE}
	EndGlobalSection
EndGlobal
